{
  "lockfile_version": "1",
  "packages": {
    "clang@latest": {
      "last_modified": "2024-11-28T07:51:56Z",
      "resolved": "github:NixOS/nixpkgs/226216574ada4c3ecefcbbec41f39ce4655f78ef#clang",
      "source": "devbox-search",
      "version": "18.1.8",
      "systems": {
        "aarch64-linux": {
          "outputs": [
            {
              "name": "out",
              "path": "/nix/store/x3brrx7id76x2zpd8vh8s8m988cp85vs-clang-wrapper-18.1.8",
              "default": true
            }
          ],
          "store_path": "/nix/store/x3brrx7id76x2zpd8vh8s8m988cp85vs-clang-wrapper-18.1.8"
        },
        "x86_64-linux": {
          "outputs": [
            {
              "name": "out",
              "path": "/nix/store/hnfkms9dykvh61nwdqydzmbgzzr5lwy0-clang-wrapper-18.1.8",
              "default": true
            }
          ],
          "store_path": "/nix/store/hnfkms9dykvh61nwdqydzmbgzzr5lwy0-clang-wrapper-18.1.8"
        }
      }
    }
  }
}
